
Microsoft Visual Studio Solution File, Format Version 12.00
# Visual Studio Version 17
VisualStudioVersion = 17.5.33627.172
MinimumVisualStudioVersion = 10.0.40219.1
Project("{888888A0-9F3D-457C-B088-3A5042F75D52}") = "Country", "Country\Country.pyproj", "{BDA68353-C19B-4A87-8C2B-DFE62BAC3991}"
EndProject
Global
	GlobalSection(SolutionConfigurationPlatforms) = preSolution
		Debug|Any CPU = Debug|Any CPU
		Release|Any CPU = Release|Any CPU
	EndGlobalSection
	GlobalSection(ProjectConfigurationPlatforms) = postSolution
		{BDA68353-C19B-4A87-8C2B-DFE62BAC3991}.Debug|Any CPU.ActiveCfg = Debug|Any CPU
		{BDA68353-C19B-4A87-8C2B-DFE62BAC3991}.Release|Any CPU.ActiveCfg = Release|Any CPU
	EndGlobalSection
	GlobalSection(SolutionProperties) = preSolution
		HideSolutionNode = FALSE
	EndGlobalSection
	GlobalSection(ExtensibilityGlobals) = postSolution
		SolutionGuid = {951AD76D-3792-4915-BB4B-7676FB1D8044}
	EndGlobalSection
EndGlobal
